
Microsoft Visual Studio Solution File, Format Version 12.00
# Visual Studio 15
VisualStudioVersion = 15.0.27130.2010
MinimumVisualStudioVersion = 10.0.40219.1
Project("{FAE04EC0-301F-11D3-BF4B-00C04F79EFBC}") = "ChallengeSimpleCalculator", "ChallengeSimpleCalculator\ChallengeSimpleCalculator.csproj", "{9B65DE56-E52A-4CF6-A9BD-54E5B3E5BCB4}"
EndProject
Global
	GlobalSection(SolutionConfigurationPlatforms) = preSolution
		Debug|Any CPU = Debug|Any CPU
		Release|Any CPU = Release|Any CPU
	EndGlobalSection
	GlobalSection(ProjectConfigurationPlatforms) = postSolution
		{9B65DE56-E52A-4CF6-A9BD-54E5B3E5BCB4}.Debug|Any CPU.ActiveCfg = Debug|Any CPU
		{9B65DE56-E52A-4CF6-A9BD-54E5B3E5BCB4}.Debug|Any CPU.Build.0 = Debug|Any CPU
		{9B65DE56-E52A-4CF6-A9BD-54E5B3E5BCB4}.Release|Any CPU.ActiveCfg = Release|Any CPU
		{9B65DE56-E52A-4CF6-A9BD-54E5B3E5BCB4}.Release|Any CPU.Build.0 = Release|Any CPU
	EndGlobalSection
	GlobalSection(SolutionProperties) = preSolution
		HideSolutionNode = FALSE
	EndGlobalSection
	GlobalSection(ExtensibilityGlobals) = postSolution
		SolutionGuid = {A845F537-DA56-428C-97D2-48A6B4BD15AB}
	EndGlobalSection
EndGlobal
